
Microsoft Visual Studio Solution File, Format Version 12.00
# Visual Studio Version 17
VisualStudioVersion = 17.14.36414.22 d17.14
MinimumVisualStudioVersion = 10.0.40219.1
Project("{FAE04EC0-301F-11D3-BF4B-00C04F79EFBC}") = "Урок 1 ADO.NET", "Урок 1 ADO.NET\Урок 1 ADO.NET.csproj", "{4CD29290-2A3A-4477-9900-64F8B24EB275}"
EndProject
Global
	GlobalSection(SolutionConfigurationPlatforms) = preSolution
		Debug|Any CPU = Debug|Any CPU
		Release|Any CPU = Release|Any CPU
	EndGlobalSection
	GlobalSection(ProjectConfigurationPlatforms) = postSolution
		{4CD29290-2A3A-4477-9900-64F8B24EB275}.Debug|Any CPU.ActiveCfg = Debug|Any CPU
		{4CD29290-2A3A-4477-9900-64F8B24EB275}.Debug|Any CPU.Build.0 = Debug|Any CPU
		{4CD29290-2A3A-4477-9900-64F8B24EB275}.Release|Any CPU.ActiveCfg = Release|Any CPU
		{4CD29290-2A3A-4477-9900-64F8B24EB275}.Release|Any CPU.Build.0 = Release|Any CPU
	EndGlobalSection
	GlobalSection(SolutionProperties) = preSolution
		HideSolutionNode = FALSE
	EndGlobalSection
	GlobalSection(ExtensibilityGlobals) = postSolution
		SolutionGuid = {87BE75FC-D486-4D86-B1DB-8A2660398129}
	EndGlobalSection
EndGlobal
