
Microsoft Visual Studio Solution File, Format Version 12.00
# Visual Studio Version 17
VisualStudioVersion = 17.14.36414.22
MinimumVisualStudioVersion = 10.0.40219.1
Project("{FAE04EC0-301F-11D3-BF4B-00C04F79EFBC}") = "Tamagochi_Nosuha_Tester", "Tamagochi_Nosuha\Tamagochi_Nosuha_Tester.csproj", "{CDAB62A0-F22E-4B1B-B815-BB1A23B2AD8E}"
EndProject
Project("{FAE04EC0-301F-11D3-BF4B-00C04F79EFBC}") = "UnitTestTamagochi", "UnitTestTamagochi\UnitTestTamagochi.csproj", "{26B7BBAD-E2EF-44C7-8849-4F2CB52E78F7}"
EndProject
Global
	GlobalSection(SolutionConfigurationPlatforms) = preSolution
		Debug|Any CPU = Debug|Any CPU
		Release|Any CPU = Release|Any CPU
	EndGlobalSection
	GlobalSection(ProjectConfigurationPlatforms) = postSolution
		{CDAB62A0-F22E-4B1B-B815-BB1A23B2AD8E}.Debug|Any CPU.ActiveCfg = Debug|Any CPU
		{CDAB62A0-F22E-4B1B-B815-BB1A23B2AD8E}.Debug|Any CPU.Build.0 = Debug|Any CPU
		{CDAB62A0-F22E-4B1B-B815-BB1A23B2AD8E}.Release|Any CPU.ActiveCfg = Release|Any CPU
		{CDAB62A0-F22E-4B1B-B815-BB1A23B2AD8E}.Release|Any CPU.Build.0 = Release|Any CPU
		{26B7BBAD-E2EF-44C7-8849-4F2CB52E78F7}.Debug|Any CPU.ActiveCfg = Debug|Any CPU
		{26B7BBAD-E2EF-44C7-8849-4F2CB52E78F7}.Debug|Any CPU.Build.0 = Debug|Any CPU
		{26B7BBAD-E2EF-44C7-8849-4F2CB52E78F7}.Release|Any CPU.ActiveCfg = Release|Any CPU
		{26B7BBAD-E2EF-44C7-8849-4F2CB52E78F7}.Release|Any CPU.Build.0 = Release|Any CPU
	EndGlobalSection
	GlobalSection(SolutionProperties) = preSolution
		HideSolutionNode = FALSE
	EndGlobalSection
	GlobalSection(ExtensibilityGlobals) = postSolution
		SolutionGuid = {4492D0C2-FD93-414F-B3C9-99D365219921}
	EndGlobalSection
EndGlobal
